
Microsoft Visual Studio Solution File, Format Version 12.00
# Visual Studio Version 17
VisualStudioVersion = 17.2.32616.157
MinimumVisualStudioVersion = 10.0.40219.1
Project("{FAE04EC0-301F-11D3-BF4B-00C04F79EFBC}") = "SimpleCalculatorApp", "SimpleCalculatorApp.csproj", "{5558AD68-B540-4BD7-9D0D-20A10624C9D5}"
EndProject
Global
	GlobalSection(SolutionConfigurationPlatforms) = preSolution
		Debug|Any CPU = Debug|Any CPU
		Release|Any CPU = Release|Any CPU
	EndGlobalSection
	GlobalSection(ProjectConfigurationPlatforms) = postSolution
		{5558AD68-B540-4BD7-9D0D-20A10624C9D5}.Debug|Any CPU.ActiveCfg = Debug|Any CPU
		{5558AD68-B540-4BD7-9D0D-20A10624C9D5}.Debug|Any CPU.Build.0 = Debug|Any CPU
		{5558AD68-B540-4BD7-9D0D-20A10624C9D5}.Release|Any CPU.ActiveCfg = Release|Any CPU
		{5558AD68-B540-4BD7-9D0D-20A10624C9D5}.Release|Any CPU.Build.0 = Release|Any CPU
	EndGlobalSection
	GlobalSection(SolutionProperties) = preSolution
		HideSolutionNode = FALSE
	EndGlobalSection
	GlobalSection(ExtensibilityGlobals) = postSolution
		SolutionGuid = {17145A50-9D58-40F0-A494-64C25A4210B2}
	EndGlobalSection
EndGlobal
