
Microsoft Visual Studio Solution File, Format Version 12.00
# Visual Studio Version 16
VisualStudioVersion = 16.0.31321.278
MinimumVisualStudioVersion = 10.0.40219.1
Project("{FAE04EC0-301F-11D3-BF4B-00C04F79EFBC}") = "FileSeekerApp", "FileSeekerApp.csproj", "{AFF6557E-CCA3-4488-AB64-420AC2062CDC}"
EndProject
Global
	GlobalSection(SolutionConfigurationPlatforms) = preSolution
		Debug|Any CPU = Debug|Any CPU
		Release|Any CPU = Release|Any CPU
	EndGlobalSection
	GlobalSection(ProjectConfigurationPlatforms) = postSolution
		{AFF6557E-CCA3-4488-AB64-420AC2062CDC}.Debug|Any CPU.ActiveCfg = Debug|Any CPU
		{AFF6557E-CCA3-4488-AB64-420AC2062CDC}.Debug|Any CPU.Build.0 = Debug|Any CPU
		{AFF6557E-CCA3-4488-AB64-420AC2062CDC}.Release|Any CPU.ActiveCfg = Release|Any CPU
		{AFF6557E-CCA3-4488-AB64-420AC2062CDC}.Release|Any CPU.Build.0 = Release|Any CPU
	EndGlobalSection
	GlobalSection(SolutionProperties) = preSolution
		HideSolutionNode = FALSE
	EndGlobalSection
	GlobalSection(ExtensibilityGlobals) = postSolution
		SolutionGuid = {AA82142E-8369-4D66-938B-4C95F590CA69}
	EndGlobalSection
EndGlobal
