
Microsoft Visual Studio Solution File, Format Version 12.00
# Visual Studio Version 17
VisualStudioVersion = 17.9.34701.34
MinimumVisualStudioVersion = 10.0.40219.1
Project("{9A19103F-16F7-4668-BE54-9A1E7A4F7556}") = "SportsStoreAPP", "SportsStoreAPP\SportsStoreAPP.csproj", "{06BD0270-7161-4392-BB39-EEF36BF654CA}"
EndProject
Project("{FAE04EC0-301F-11D3-BF4B-00C04F79EFBC}") = "SportsStoreAPP.Tests", "SportsStoreAPP.Tests\SportsStoreAPP.Tests.csproj", "{D976D9D2-21F0-4D54-99C3-2A816970CAF0}"
EndProject
Global
	GlobalSection(SolutionConfigurationPlatforms) = preSolution
		Debug|Any CPU = Debug|Any CPU
		Release|Any CPU = Release|Any CPU
	EndGlobalSection
	GlobalSection(ProjectConfigurationPlatforms) = postSolution
		{06BD0270-7161-4392-BB39-EEF36BF654CA}.Debug|Any CPU.ActiveCfg = Debug|Any CPU
		{06BD0270-7161-4392-BB39-EEF36BF654CA}.Debug|Any CPU.Build.0 = Debug|Any CPU
		{06BD0270-7161-4392-BB39-EEF36BF654CA}.Release|Any CPU.ActiveCfg = Release|Any CPU
		{06BD0270-7161-4392-BB39-EEF36BF654CA}.Release|Any CPU.Build.0 = Release|Any CPU
		{D976D9D2-21F0-4D54-99C3-2A816970CAF0}.Debug|Any CPU.ActiveCfg = Debug|Any CPU
		{D976D9D2-21F0-4D54-99C3-2A816970CAF0}.Debug|Any CPU.Build.0 = Debug|Any CPU
		{D976D9D2-21F0-4D54-99C3-2A816970CAF0}.Release|Any CPU.ActiveCfg = Release|Any CPU
		{D976D9D2-21F0-4D54-99C3-2A816970CAF0}.Release|Any CPU.Build.0 = Release|Any CPU
	EndGlobalSection
	GlobalSection(SolutionProperties) = preSolution
		HideSolutionNode = FALSE
	EndGlobalSection
	GlobalSection(ExtensibilityGlobals) = postSolution
		SolutionGuid = {B696E8C3-C20C-4E21-B833-1F78D3F2B4B3}
	EndGlobalSection
EndGlobal
