
Microsoft Visual Studio Solution File, Format Version 12.00
# Visual Studio Version 16
VisualStudioVersion = 16.0.31321.278
MinimumVisualStudioVersion = 10.0.40219.1
Project("{FAE04EC0-301F-11D3-BF4B-00C04F79EFBC}") = "CheckLetterApp", "CheckLetterApp\CheckLetterApp.csproj", "{9CBA91AA-CE4E-4811-85DC-50DECB1984CA}"
EndProject
Project("{FAE04EC0-301F-11D3-BF4B-00C04F79EFBC}") = "CheckLetterAppTests", "IsLowerTest\CheckLetterAppTests.csproj", "{DE0D4B4E-4453-4A02-AA79-F9D97EFB493C}"
EndProject
Global
	GlobalSection(SolutionConfigurationPlatforms) = preSolution
		Debug|Any CPU = Debug|Any CPU
		Release|Any CPU = Release|Any CPU
	EndGlobalSection
	GlobalSection(ProjectConfigurationPlatforms) = postSolution
		{9CBA91AA-CE4E-4811-85DC-50DECB1984CA}.Debug|Any CPU.ActiveCfg = Debug|Any CPU
		{9CBA91AA-CE4E-4811-85DC-50DECB1984CA}.Debug|Any CPU.Build.0 = Debug|Any CPU
		{9CBA91AA-CE4E-4811-85DC-50DECB1984CA}.Release|Any CPU.ActiveCfg = Release|Any CPU
		{9CBA91AA-CE4E-4811-85DC-50DECB1984CA}.Release|Any CPU.Build.0 = Release|Any CPU
		{DE0D4B4E-4453-4A02-AA79-F9D97EFB493C}.Debug|Any CPU.ActiveCfg = Debug|Any CPU
		{DE0D4B4E-4453-4A02-AA79-F9D97EFB493C}.Debug|Any CPU.Build.0 = Debug|Any CPU
		{DE0D4B4E-4453-4A02-AA79-F9D97EFB493C}.Release|Any CPU.ActiveCfg = Release|Any CPU
		{DE0D4B4E-4453-4A02-AA79-F9D97EFB493C}.Release|Any CPU.Build.0 = Release|Any CPU
	EndGlobalSection
	GlobalSection(SolutionProperties) = preSolution
		HideSolutionNode = FALSE
	EndGlobalSection
	GlobalSection(ExtensibilityGlobals) = postSolution
		SolutionGuid = {B8899F1B-DAB7-401E-BA02-ED1823C609CB}
	EndGlobalSection
EndGlobal
