
Microsoft Visual Studio Solution File, Format Version 12.00
# Visual Studio Version 16
VisualStudioVersion = 16.0.31321.278
MinimumVisualStudioVersion = 10.0.40219.1
Project("{FAE04EC0-301F-11D3-BF4B-00C04F79EFBC}") = "TableApp", "TableApp\TableApp.csproj", "{9E73F17F-3C85-4B5A-A439-660B3548CCBC}"
EndProject
Project("{FAE04EC0-301F-11D3-BF4B-00C04F79EFBC}") = "TableAppTests", "TableAppTests\TableAppTests.csproj", "{FEB3E47C-152C-4D83-99EC-BB98370BCE80}"
EndProject
Global
	GlobalSection(SolutionConfigurationPlatforms) = preSolution
		Debug|Any CPU = Debug|Any CPU
		Release|Any CPU = Release|Any CPU
	EndGlobalSection
	GlobalSection(ProjectConfigurationPlatforms) = postSolution
		{9E73F17F-3C85-4B5A-A439-660B3548CCBC}.Debug|Any CPU.ActiveCfg = Debug|Any CPU
		{9E73F17F-3C85-4B5A-A439-660B3548CCBC}.Debug|Any CPU.Build.0 = Debug|Any CPU
		{9E73F17F-3C85-4B5A-A439-660B3548CCBC}.Release|Any CPU.ActiveCfg = Release|Any CPU
		{9E73F17F-3C85-4B5A-A439-660B3548CCBC}.Release|Any CPU.Build.0 = Release|Any CPU
		{FEB3E47C-152C-4D83-99EC-BB98370BCE80}.Debug|Any CPU.ActiveCfg = Debug|Any CPU
		{FEB3E47C-152C-4D83-99EC-BB98370BCE80}.Debug|Any CPU.Build.0 = Debug|Any CPU
		{FEB3E47C-152C-4D83-99EC-BB98370BCE80}.Release|Any CPU.ActiveCfg = Release|Any CPU
		{FEB3E47C-152C-4D83-99EC-BB98370BCE80}.Release|Any CPU.Build.0 = Release|Any CPU
	EndGlobalSection
	GlobalSection(SolutionProperties) = preSolution
		HideSolutionNode = FALSE
	EndGlobalSection
	GlobalSection(ExtensibilityGlobals) = postSolution
		SolutionGuid = {14DDCB87-B69F-47D6-AABC-B6E870BCA5A8}
	EndGlobalSection
EndGlobal
