
Microsoft Visual Studio Solution File, Format Version 12.00
# Visual Studio Version 17
VisualStudioVersion = 17.11.35222.181
MinimumVisualStudioVersion = 10.0.40219.1
Project("{FAE04EC0-301F-11D3-BF4B-00C04F79EFBC}") = "GenericDelegateApp", "GenericDelegateApp.csproj", "{82753F97-502F-48FE-8BB3-5A05949B2DB9}"
EndProject
Global
	GlobalSection(SolutionConfigurationPlatforms) = preSolution
		Debug|Any CPU = Debug|Any CPU
		Release|Any CPU = Release|Any CPU
	EndGlobalSection
	GlobalSection(ProjectConfigurationPlatforms) = postSolution
		{82753F97-502F-48FE-8BB3-5A05949B2DB9}.Debug|Any CPU.ActiveCfg = Debug|Any CPU
		{82753F97-502F-48FE-8BB3-5A05949B2DB9}.Debug|Any CPU.Build.0 = Debug|Any CPU
		{82753F97-502F-48FE-8BB3-5A05949B2DB9}.Release|Any CPU.ActiveCfg = Release|Any CPU
		{82753F97-502F-48FE-8BB3-5A05949B2DB9}.Release|Any CPU.Build.0 = Release|Any CPU
	EndGlobalSection
	GlobalSection(SolutionProperties) = preSolution
		HideSolutionNode = FALSE
	EndGlobalSection
	GlobalSection(ExtensibilityGlobals) = postSolution
		SolutionGuid = {10927F89-50A2-4A05-B763-A5DF79E2545A}
	EndGlobalSection
EndGlobal
