
Microsoft Visual Studio Solution File, Format Version 12.00
# Visual Studio Version 16
VisualStudioVersion = 16.0.31321.278
MinimumVisualStudioVersion = 10.0.40219.1
Project("{FAE04EC0-301F-11D3-BF4B-00C04F79EFBC}") = "OrderedDictionaryApp", "OrderedDictionaryApp\OrderedDictionaryApp.csproj", "{01EAB754-FB56-4F42-8872-C7431DBEBFDE}"
EndProject
Global
	GlobalSection(SolutionConfigurationPlatforms) = preSolution
		Debug|Any CPU = Debug|Any CPU
		Release|Any CPU = Release|Any CPU
	EndGlobalSection
	GlobalSection(ProjectConfigurationPlatforms) = postSolution
		{01EAB754-FB56-4F42-8872-C7431DBEBFDE}.Debug|Any CPU.ActiveCfg = Debug|Any CPU
		{01EAB754-FB56-4F42-8872-C7431DBEBFDE}.Debug|Any CPU.Build.0 = Debug|Any CPU
		{01EAB754-FB56-4F42-8872-C7431DBEBFDE}.Release|Any CPU.ActiveCfg = Release|Any CPU
		{01EAB754-FB56-4F42-8872-C7431DBEBFDE}.Release|Any CPU.Build.0 = Release|Any CPU
	EndGlobalSection
	GlobalSection(SolutionProperties) = preSolution
		HideSolutionNode = FALSE
	EndGlobalSection
	GlobalSection(ExtensibilityGlobals) = postSolution
		SolutionGuid = {ECC2A413-1586-4992-95A0-B63FDF810297}
	EndGlobalSection
EndGlobal
