
Microsoft Visual Studio Solution File, Format Version 12.00
# Visual Studio Version 16
VisualStudioVersion = 16.0.31321.278
MinimumVisualStudioVersion = 10.0.40219.1
Project("{9A19103F-16F7-4668-BE54-9A1E7A4F7556}") = "ArrayApp", "ArrayApp\ArrayApp.csproj", "{9AA94F69-43B0-4F11-9505-D19532368113}"
EndProject
Project("{9A19103F-16F7-4668-BE54-9A1E7A4F7556}") = "ArrayInversionApp", "SortArrayApp\ArrayInversionApp.csproj", "{61559EDF-42D1-4E9C-AF7D-36B28A758237}"
EndProject
Project("{9A19103F-16F7-4668-BE54-9A1E7A4F7556}") = "ArrayInversionAppTests", "ArrayInversionAppTests\ArrayInversionAppTests.csproj", "{4912D0C2-6931-4852-83F6-D56E0D0C35E1}"
EndProject
Project("{9A19103F-16F7-4668-BE54-9A1E7A4F7556}") = "SumEvenNumbersArrayApp", "SumEvenNumbersArrayApp\SumEvenNumbersArrayApp.csproj", "{B2129EDD-FF7B-4E07-8F3B-2DF46D959E73}"
EndProject
Project("{9A19103F-16F7-4668-BE54-9A1E7A4F7556}") = "SumEvenNumbersArrayAppTests", "SumEvenNumbersArrayAppTests\SumEvenNumbersArrayAppTests.csproj", "{212FE8BC-4010-47BE-8745-1FEEF2F7BAA8}"
EndProject
Project("{9A19103F-16F7-4668-BE54-9A1E7A4F7556}") = "SecSmallValueApp", "SecSmallValueApp\SecSmallValueApp.csproj", "{678621A9-98BE-4D26-B89C-DBD78048FF61}"
EndProject
Project("{9A19103F-16F7-4668-BE54-9A1E7A4F7556}") = "SecSmallValueAppTests", "SecSmallValueAppTests\SecSmallValueAppTests.csproj", "{ABE6CD0A-CCF2-4494-AE70-1A86D6660832}"
EndProject
Project("{9A19103F-16F7-4668-BE54-9A1E7A4F7556}") = "ArrayAppTests", "ArrayAppTests\ArrayAppTests.csproj", "{BB36511E-E5B6-4DA1-A9DF-E8F00F34AE96}"
EndProject
Project("{FAE04EC0-301F-11D3-BF4B-00C04F79EFBC}") = "SmallestNumApp", "SmallestNumApp\SmallestNumApp.csproj", "{232339EE-F6AA-4549-AA5B-2F9011FE3D1E}"
EndProject
Global
	GlobalSection(SolutionConfigurationPlatforms) = preSolution
		Debug|Any CPU = Debug|Any CPU
		Release|Any CPU = Release|Any CPU
	EndGlobalSection
	GlobalSection(ProjectConfigurationPlatforms) = postSolution
		{9AA94F69-43B0-4F11-9505-D19532368113}.Debug|Any CPU.ActiveCfg = Debug|Any CPU
		{9AA94F69-43B0-4F11-9505-D19532368113}.Debug|Any CPU.Build.0 = Debug|Any CPU
		{9AA94F69-43B0-4F11-9505-D19532368113}.Release|Any CPU.ActiveCfg = Release|Any CPU
		{9AA94F69-43B0-4F11-9505-D19532368113}.Release|Any CPU.Build.0 = Release|Any CPU
		{61559EDF-42D1-4E9C-AF7D-36B28A758237}.Debug|Any CPU.ActiveCfg = Debug|Any CPU
		{61559EDF-42D1-4E9C-AF7D-36B28A758237}.Debug|Any CPU.Build.0 = Debug|Any CPU
		{61559EDF-42D1-4E9C-AF7D-36B28A758237}.Release|Any CPU.ActiveCfg = Release|Any CPU
		{61559EDF-42D1-4E9C-AF7D-36B28A758237}.Release|Any CPU.Build.0 = Release|Any CPU
		{4912D0C2-6931-4852-83F6-D56E0D0C35E1}.Debug|Any CPU.ActiveCfg = Debug|Any CPU
		{4912D0C2-6931-4852-83F6-D56E0D0C35E1}.Debug|Any CPU.Build.0 = Debug|Any CPU
		{4912D0C2-6931-4852-83F6-D56E0D0C35E1}.Release|Any CPU.ActiveCfg = Release|Any CPU
		{4912D0C2-6931-4852-83F6-D56E0D0C35E1}.Release|Any CPU.Build.0 = Release|Any CPU
		{B2129EDD-FF7B-4E07-8F3B-2DF46D959E73}.Debug|Any CPU.ActiveCfg = Debug|Any CPU
		{B2129EDD-FF7B-4E07-8F3B-2DF46D959E73}.Debug|Any CPU.Build.0 = Debug|Any CPU
		{B2129EDD-FF7B-4E07-8F3B-2DF46D959E73}.Release|Any CPU.ActiveCfg = Release|Any CPU
		{B2129EDD-FF7B-4E07-8F3B-2DF46D959E73}.Release|Any CPU.Build.0 = Release|Any CPU
		{212FE8BC-4010-47BE-8745-1FEEF2F7BAA8}.Debug|Any CPU.ActiveCfg = Debug|Any CPU
		{212FE8BC-4010-47BE-8745-1FEEF2F7BAA8}.Debug|Any CPU.Build.0 = Debug|Any CPU
		{212FE8BC-4010-47BE-8745-1FEEF2F7BAA8}.Release|Any CPU.ActiveCfg = Release|Any CPU
		{212FE8BC-4010-47BE-8745-1FEEF2F7BAA8}.Release|Any CPU.Build.0 = Release|Any CPU
		{678621A9-98BE-4D26-B89C-DBD78048FF61}.Debug|Any CPU.ActiveCfg = Debug|Any CPU
		{678621A9-98BE-4D26-B89C-DBD78048FF61}.Debug|Any CPU.Build.0 = Debug|Any CPU
		{678621A9-98BE-4D26-B89C-DBD78048FF61}.Release|Any CPU.ActiveCfg = Release|Any CPU
		{678621A9-98BE-4D26-B89C-DBD78048FF61}.Release|Any CPU.Build.0 = Release|Any CPU
		{ABE6CD0A-CCF2-4494-AE70-1A86D6660832}.Debug|Any CPU.ActiveCfg = Debug|Any CPU
		{ABE6CD0A-CCF2-4494-AE70-1A86D6660832}.Debug|Any CPU.Build.0 = Debug|Any CPU
		{ABE6CD0A-CCF2-4494-AE70-1A86D6660832}.Release|Any CPU.ActiveCfg = Release|Any CPU
		{ABE6CD0A-CCF2-4494-AE70-1A86D6660832}.Release|Any CPU.Build.0 = Release|Any CPU
		{BB36511E-E5B6-4DA1-A9DF-E8F00F34AE96}.Debug|Any CPU.ActiveCfg = Debug|Any CPU
		{BB36511E-E5B6-4DA1-A9DF-E8F00F34AE96}.Debug|Any CPU.Build.0 = Debug|Any CPU
		{BB36511E-E5B6-4DA1-A9DF-E8F00F34AE96}.Release|Any CPU.ActiveCfg = Release|Any CPU
		{BB36511E-E5B6-4DA1-A9DF-E8F00F34AE96}.Release|Any CPU.Build.0 = Release|Any CPU
		{232339EE-F6AA-4549-AA5B-2F9011FE3D1E}.Debug|Any CPU.ActiveCfg = Debug|Any CPU
		{232339EE-F6AA-4549-AA5B-2F9011FE3D1E}.Debug|Any CPU.Build.0 = Debug|Any CPU
		{232339EE-F6AA-4549-AA5B-2F9011FE3D1E}.Release|Any CPU.ActiveCfg = Release|Any CPU
		{232339EE-F6AA-4549-AA5B-2F9011FE3D1E}.Release|Any CPU.Build.0 = Release|Any CPU
	EndGlobalSection
	GlobalSection(SolutionProperties) = preSolution
		HideSolutionNode = FALSE
	EndGlobalSection
	GlobalSection(ExtensibilityGlobals) = postSolution
		SolutionGuid = {6C80C49F-5C45-4C5E-89D2-E8A974DE0DA8}
	EndGlobalSection
EndGlobal
