
Microsoft Visual Studio Solution File, Format Version 12.00
# Visual Studio Version 16
VisualStudioVersion = 16.0.31321.278
MinimumVisualStudioVersion = 10.0.40219.1
Project("{FAE04EC0-301F-11D3-BF4B-00C04F79EFBC}") = "XmlContactsApp", "XmlContactsApp\XmlContactsApp.csproj", "{B635E693-04A0-492E-A11E-CB5A79905C80}"
EndProject
Global
	GlobalSection(SolutionConfigurationPlatforms) = preSolution
		Debug|Any CPU = Debug|Any CPU
		Release|Any CPU = Release|Any CPU
	EndGlobalSection
	GlobalSection(ProjectConfigurationPlatforms) = postSolution
		{B635E693-04A0-492E-A11E-CB5A79905C80}.Debug|Any CPU.ActiveCfg = Debug|Any CPU
		{B635E693-04A0-492E-A11E-CB5A79905C80}.Debug|Any CPU.Build.0 = Debug|Any CPU
		{B635E693-04A0-492E-A11E-CB5A79905C80}.Release|Any CPU.ActiveCfg = Release|Any CPU
		{B635E693-04A0-492E-A11E-CB5A79905C80}.Release|Any CPU.Build.0 = Release|Any CPU
	EndGlobalSection
	GlobalSection(SolutionProperties) = preSolution
		HideSolutionNode = FALSE
	EndGlobalSection
	GlobalSection(ExtensibilityGlobals) = postSolution
		SolutionGuid = {23C97157-6D8C-46F3-ADA6-D989772B5763}
	EndGlobalSection
EndGlobal
