
Microsoft Visual Studio Solution File, Format Version 12.00
# Visual Studio Version 16
VisualStudioVersion = 16.0.31321.278
MinimumVisualStudioVersion = 10.0.40219.1
Project("{FAE04EC0-301F-11D3-BF4B-00C04F79EFBC}") = "CurrencyConverterApp", "CurrencyConverterApp\CurrencyConverterApp.csproj", "{2848E887-0631-4AA8-A3A2-FA82A9A52462}"
EndProject
Global
	GlobalSection(SolutionConfigurationPlatforms) = preSolution
		Debug|Any CPU = Debug|Any CPU
		Release|Any CPU = Release|Any CPU
	EndGlobalSection
	GlobalSection(ProjectConfigurationPlatforms) = postSolution
		{2848E887-0631-4AA8-A3A2-FA82A9A52462}.Debug|Any CPU.ActiveCfg = Debug|Any CPU
		{2848E887-0631-4AA8-A3A2-FA82A9A52462}.Debug|Any CPU.Build.0 = Debug|Any CPU
		{2848E887-0631-4AA8-A3A2-FA82A9A52462}.Release|Any CPU.ActiveCfg = Release|Any CPU
		{2848E887-0631-4AA8-A3A2-FA82A9A52462}.Release|Any CPU.Build.0 = Release|Any CPU
	EndGlobalSection
	GlobalSection(SolutionProperties) = preSolution
		HideSolutionNode = FALSE
	EndGlobalSection
	GlobalSection(ExtensibilityGlobals) = postSolution
		SolutionGuid = {0E8B8405-4A26-449C-B18C-043DD54494AB}
	EndGlobalSection
EndGlobal
