
Microsoft Visual Studio Solution File, Format Version 12.00
# Visual Studio Version 16
VisualStudioVersion = 16.0.30104.148
MinimumVisualStudioVersion = 10.0.40219.1
Project("{FAE04EC0-301F-11D3-BF4B-00C04F79EFBC}") = "CalculateMethod", "CalculateMethod.csproj", "{FFDFC749-64C6-4609-A010-AB4A43473388}"
EndProject
Global
	GlobalSection(SolutionConfigurationPlatforms) = preSolution
		Debug|Any CPU = Debug|Any CPU
		Release|Any CPU = Release|Any CPU
	EndGlobalSection
	GlobalSection(ProjectConfigurationPlatforms) = postSolution
		{FFDFC749-64C6-4609-A010-AB4A43473388}.Debug|Any CPU.ActiveCfg = Debug|Any CPU
		{FFDFC749-64C6-4609-A010-AB4A43473388}.Debug|Any CPU.Build.0 = Debug|Any CPU
		{FFDFC749-64C6-4609-A010-AB4A43473388}.Release|Any CPU.ActiveCfg = Release|Any CPU
		{FFDFC749-64C6-4609-A010-AB4A43473388}.Release|Any CPU.Build.0 = Release|Any CPU
	EndGlobalSection
	GlobalSection(SolutionProperties) = preSolution
		HideSolutionNode = FALSE
	EndGlobalSection
	GlobalSection(ExtensibilityGlobals) = postSolution
		SolutionGuid = {B80AFFF0-000D-4D79-9045-F643930B8B03}
	EndGlobalSection
EndGlobal
