
Microsoft Visual Studio Solution File, Format Version 12.00
# Visual Studio Version 16
VisualStudioVersion = 16.0.31321.278
MinimumVisualStudioVersion = 10.0.40219.1
Project("{9A19103F-16F7-4668-BE54-9A1E7A4F7556}") = "PoundConverter", "PoundConverter\PoundConverter.csproj", "{8F9BE6AC-3F83-484E-99A4-458AD6F236CE}"
EndProject
Project("{2150E333-8FDC-42A3-9474-1A3956D46DE8}") = "Solution Items", "Solution Items", "{BD5D955E-FE7D-4E01-858B-809113D619AB}"
EndProject
Project("{9A19103F-16F7-4668-BE54-9A1E7A4F7556}") = "PoundConverterTests", "PoundConverterTests\PoundConverterTests.csproj", "{76D27040-EE75-4662-86C5-912A52222F96}"
EndProject
Global
	GlobalSection(SolutionConfigurationPlatforms) = preSolution
		Debug|Any CPU = Debug|Any CPU
		Release|Any CPU = Release|Any CPU
	EndGlobalSection
	GlobalSection(ProjectConfigurationPlatforms) = postSolution
		{8F9BE6AC-3F83-484E-99A4-458AD6F236CE}.Debug|Any CPU.ActiveCfg = Debug|Any CPU
		{8F9BE6AC-3F83-484E-99A4-458AD6F236CE}.Debug|Any CPU.Build.0 = Debug|Any CPU
		{8F9BE6AC-3F83-484E-99A4-458AD6F236CE}.Release|Any CPU.ActiveCfg = Release|Any CPU
		{8F9BE6AC-3F83-484E-99A4-458AD6F236CE}.Release|Any CPU.Build.0 = Release|Any CPU
		{76D27040-EE75-4662-86C5-912A52222F96}.Debug|Any CPU.ActiveCfg = Debug|Any CPU
		{76D27040-EE75-4662-86C5-912A52222F96}.Debug|Any CPU.Build.0 = Debug|Any CPU
		{76D27040-EE75-4662-86C5-912A52222F96}.Release|Any CPU.ActiveCfg = Release|Any CPU
		{76D27040-EE75-4662-86C5-912A52222F96}.Release|Any CPU.Build.0 = Release|Any CPU
	EndGlobalSection
	GlobalSection(SolutionProperties) = preSolution
		HideSolutionNode = FALSE
	EndGlobalSection
	GlobalSection(ExtensibilityGlobals) = postSolution
		SolutionGuid = {7E6040B1-AB01-4DA7-B024-F25FFE187C1D}
	EndGlobalSection
EndGlobal
