
Microsoft Visual Studio Solution File, Format Version 12.00
# Visual Studio Version 17
VisualStudioVersion = 17.10.35013.160
MinimumVisualStudioVersion = 10.0.40219.1
Project("{FAE04EC0-301F-11D3-BF4B-00C04F79EFBC}") = "DynamicFormFieldApp", "DynamicFormFieldApp\DynamicFormFieldApp.csproj", "{72D52A21-D8DF-46D8-8648-0E391B04770B}"
EndProject
Global
	GlobalSection(SolutionConfigurationPlatforms) = preSolution
		Debug|Any CPU = Debug|Any CPU
		Release|Any CPU = Release|Any CPU
	EndGlobalSection
	GlobalSection(ProjectConfigurationPlatforms) = postSolution
		{72D52A21-D8DF-46D8-8648-0E391B04770B}.Debug|Any CPU.ActiveCfg = Debug|Any CPU
		{72D52A21-D8DF-46D8-8648-0E391B04770B}.Debug|Any CPU.Build.0 = Debug|Any CPU
		{72D52A21-D8DF-46D8-8648-0E391B04770B}.Release|Any CPU.ActiveCfg = Release|Any CPU
		{72D52A21-D8DF-46D8-8648-0E391B04770B}.Release|Any CPU.Build.0 = Release|Any CPU
	EndGlobalSection
	GlobalSection(SolutionProperties) = preSolution
		HideSolutionNode = FALSE
	EndGlobalSection
	GlobalSection(ExtensibilityGlobals) = postSolution
		SolutionGuid = {F09489C4-F121-4CAB-BD9E-9D9311A9623E}
	EndGlobalSection
EndGlobal
