
Microsoft Visual Studio Solution File, Format Version 12.00
# Visual Studio Version 17
VisualStudioVersion = 17.2.32616.157
MinimumVisualStudioVersion = 10.0.40219.1
Project("{FAE04EC0-301F-11D3-BF4B-00C04F79EFBC}") = "CalculatorApp", "CalculatorApp.csproj", "{8F44EF90-66BC-43B0-BD1D-804E11094497}"
EndProject
Global
	GlobalSection(SolutionConfigurationPlatforms) = preSolution
		Debug|Any CPU = Debug|Any CPU
		Release|Any CPU = Release|Any CPU
	EndGlobalSection
	GlobalSection(ProjectConfigurationPlatforms) = postSolution
		{8F44EF90-66BC-43B0-BD1D-804E11094497}.Debug|Any CPU.ActiveCfg = Debug|Any CPU
		{8F44EF90-66BC-43B0-BD1D-804E11094497}.Debug|Any CPU.Build.0 = Debug|Any CPU
		{8F44EF90-66BC-43B0-BD1D-804E11094497}.Release|Any CPU.ActiveCfg = Release|Any CPU
		{8F44EF90-66BC-43B0-BD1D-804E11094497}.Release|Any CPU.Build.0 = Release|Any CPU
	EndGlobalSection
	GlobalSection(SolutionProperties) = preSolution
		HideSolutionNode = FALSE
	EndGlobalSection
	GlobalSection(ExtensibilityGlobals) = postSolution
		SolutionGuid = {11DAB5E3-019F-405D-B4A7-9D577E61A06A}
	EndGlobalSection
EndGlobal
