
Microsoft Visual Studio Solution File, Format Version 12.00
# Visual Studio Version 16
VisualStudioVersion = 16.0.31321.278
MinimumVisualStudioVersion = 10.0.40219.1
Project("{FAE04EC0-301F-11D3-BF4B-00C04F79EFBC}") = "StockExchangeMonitorApp", "StockExchangeMonitorApp\StockExchangeMonitorApp.csproj", "{F86A5BCF-BB54-4F8A-B402-8BAA7DA34A92}"
EndProject
Global
	GlobalSection(SolutionConfigurationPlatforms) = preSolution
		Debug|Any CPU = Debug|Any CPU
		Release|Any CPU = Release|Any CPU
	EndGlobalSection
	GlobalSection(ProjectConfigurationPlatforms) = postSolution
		{F86A5BCF-BB54-4F8A-B402-8BAA7DA34A92}.Debug|Any CPU.ActiveCfg = Debug|Any CPU
		{F86A5BCF-BB54-4F8A-B402-8BAA7DA34A92}.Debug|Any CPU.Build.0 = Debug|Any CPU
		{F86A5BCF-BB54-4F8A-B402-8BAA7DA34A92}.Release|Any CPU.ActiveCfg = Release|Any CPU
		{F86A5BCF-BB54-4F8A-B402-8BAA7DA34A92}.Release|Any CPU.Build.0 = Release|Any CPU
	EndGlobalSection
	GlobalSection(SolutionProperties) = preSolution
		HideSolutionNode = FALSE
	EndGlobalSection
	GlobalSection(ExtensibilityGlobals) = postSolution
		SolutionGuid = {5A3CE65E-1282-4EBE-8FC1-D1A7AA84E1A9}
	EndGlobalSection
EndGlobal
