
Microsoft Visual Studio Solution File, Format Version 12.00
# Visual Studio Version 16
VisualStudioVersion = 16.0.31321.278
MinimumVisualStudioVersion = 10.0.40219.1
Project("{FAE04EC0-301F-11D3-BF4B-00C04F79EFBC}") = "ConverterLibrary", "ConverterLibrary\ConverterLibrary.csproj", "{95D83460-523D-4D76-8E8C-DA7EECA5359D}"
EndProject
Global
	GlobalSection(SolutionConfigurationPlatforms) = preSolution
		Debug|Any CPU = Debug|Any CPU
		Release|Any CPU = Release|Any CPU
	EndGlobalSection
	GlobalSection(ProjectConfigurationPlatforms) = postSolution
		{95D83460-523D-4D76-8E8C-DA7EECA5359D}.Debug|Any CPU.ActiveCfg = Debug|Any CPU
		{95D83460-523D-4D76-8E8C-DA7EECA5359D}.Debug|Any CPU.Build.0 = Debug|Any CPU
		{95D83460-523D-4D76-8E8C-DA7EECA5359D}.Release|Any CPU.ActiveCfg = Release|Any CPU
		{95D83460-523D-4D76-8E8C-DA7EECA5359D}.Release|Any CPU.Build.0 = Release|Any CPU
	EndGlobalSection
	GlobalSection(SolutionProperties) = preSolution
		HideSolutionNode = FALSE
	EndGlobalSection
	GlobalSection(ExtensibilityGlobals) = postSolution
		SolutionGuid = {326CB916-8959-46F0-9FCC-7BE1C946DD81}
	EndGlobalSection
EndGlobal
