
Microsoft Visual Studio Solution File, Format Version 12.00
# Visual Studio Version 16
VisualStudioVersion = 16.0.30104.148
MinimumVisualStudioVersion = 10.0.40219.1
Project("{FAE04EC0-301F-11D3-BF4B-00C04F79EFBC}") = "CurrencyConversionProgram", "CurrencyConversionProgram.csproj", "{632A8AE6-807D-488D-9BFF-25D44C499276}"
EndProject
Global
	GlobalSection(SolutionConfigurationPlatforms) = preSolution
		Debug|Any CPU = Debug|Any CPU
		Release|Any CPU = Release|Any CPU
	EndGlobalSection
	GlobalSection(ProjectConfigurationPlatforms) = postSolution
		{632A8AE6-807D-488D-9BFF-25D44C499276}.Debug|Any CPU.ActiveCfg = Debug|Any CPU
		{632A8AE6-807D-488D-9BFF-25D44C499276}.Debug|Any CPU.Build.0 = Debug|Any CPU
		{632A8AE6-807D-488D-9BFF-25D44C499276}.Release|Any CPU.ActiveCfg = Release|Any CPU
		{632A8AE6-807D-488D-9BFF-25D44C499276}.Release|Any CPU.Build.0 = Release|Any CPU
	EndGlobalSection
	GlobalSection(SolutionProperties) = preSolution
		HideSolutionNode = FALSE
	EndGlobalSection
	GlobalSection(ExtensibilityGlobals) = postSolution
		SolutionGuid = {DFC27027-8A4D-49FA-A4BA-DD38B492167E}
	EndGlobalSection
EndGlobal
