
Microsoft Visual Studio Solution File, Format Version 12.00
# Visual Studio Version 16
VisualStudioVersion = 16.0.31321.278
MinimumVisualStudioVersion = 10.0.40219.1
Project("{FAE04EC0-301F-11D3-BF4B-00C04F79EFBC}") = "FibonacciApp", "FibonacciApp\FibonacciApp.csproj", "{280DBCA5-63EB-4B5B-8F0F-62199D745C87}"
EndProject
Global
	GlobalSection(SolutionConfigurationPlatforms) = preSolution
		Debug|Any CPU = Debug|Any CPU
		Release|Any CPU = Release|Any CPU
	EndGlobalSection
	GlobalSection(ProjectConfigurationPlatforms) = postSolution
		{280DBCA5-63EB-4B5B-8F0F-62199D745C87}.Debug|Any CPU.ActiveCfg = Debug|Any CPU
		{280DBCA5-63EB-4B5B-8F0F-62199D745C87}.Debug|Any CPU.Build.0 = Debug|Any CPU
		{280DBCA5-63EB-4B5B-8F0F-62199D745C87}.Release|Any CPU.ActiveCfg = Release|Any CPU
		{280DBCA5-63EB-4B5B-8F0F-62199D745C87}.Release|Any CPU.Build.0 = Release|Any CPU
	EndGlobalSection
	GlobalSection(SolutionProperties) = preSolution
		HideSolutionNode = FALSE
	EndGlobalSection
	GlobalSection(ExtensibilityGlobals) = postSolution
		SolutionGuid = {97C1EAC2-E8B0-4342-BF8D-8274F6DB407E}
	EndGlobalSection
EndGlobal
