
Microsoft Visual Studio Solution File, Format Version 12.00
# Visual Studio Version 16
VisualStudioVersion = 16.0.31321.278
MinimumVisualStudioVersion = 10.0.40219.1
Project("{FAE04EC0-301F-11D3-BF4B-00C04F79EFBC}") = "HobbiesApp", "HobbiesApp\HobbiesApp.csproj", "{DBACD443-2705-4CE8-9673-DC635CA6882F}"
EndProject
Global
	GlobalSection(SolutionConfigurationPlatforms) = preSolution
		Debug|Any CPU = Debug|Any CPU
		Release|Any CPU = Release|Any CPU
	EndGlobalSection
	GlobalSection(ProjectConfigurationPlatforms) = postSolution
		{DBACD443-2705-4CE8-9673-DC635CA6882F}.Debug|Any CPU.ActiveCfg = Debug|Any CPU
		{DBACD443-2705-4CE8-9673-DC635CA6882F}.Debug|Any CPU.Build.0 = Debug|Any CPU
		{DBACD443-2705-4CE8-9673-DC635CA6882F}.Release|Any CPU.ActiveCfg = Release|Any CPU
		{DBACD443-2705-4CE8-9673-DC635CA6882F}.Release|Any CPU.Build.0 = Release|Any CPU
	EndGlobalSection
	GlobalSection(SolutionProperties) = preSolution
		HideSolutionNode = FALSE
	EndGlobalSection
	GlobalSection(ExtensibilityGlobals) = postSolution
		SolutionGuid = {02808F54-ABF2-4436-8C67-8785E925BD1A}
	EndGlobalSection
EndGlobal
