
Microsoft Visual Studio Solution File, Format Version 12.00
# Visual Studio Version 16
VisualStudioVersion = 16.0.31321.278
MinimumVisualStudioVersion = 10.0.40219.1
Project("{FAE04EC0-301F-11D3-BF4B-00C04F79EFBC}") = "MulTableApp", "MulTableApp\MulTableApp.csproj", "{F9E0EEDE-67A7-45C5-9926-E73BA3EFE5AF}"
EndProject
Global
	GlobalSection(SolutionConfigurationPlatforms) = preSolution
		Debug|Any CPU = Debug|Any CPU
		Release|Any CPU = Release|Any CPU
	EndGlobalSection
	GlobalSection(ProjectConfigurationPlatforms) = postSolution
		{F9E0EEDE-67A7-45C5-9926-E73BA3EFE5AF}.Debug|Any CPU.ActiveCfg = Debug|Any CPU
		{F9E0EEDE-67A7-45C5-9926-E73BA3EFE5AF}.Debug|Any CPU.Build.0 = Debug|Any CPU
		{F9E0EEDE-67A7-45C5-9926-E73BA3EFE5AF}.Release|Any CPU.ActiveCfg = Release|Any CPU
		{F9E0EEDE-67A7-45C5-9926-E73BA3EFE5AF}.Release|Any CPU.Build.0 = Release|Any CPU
	EndGlobalSection
	GlobalSection(SolutionProperties) = preSolution
		HideSolutionNode = FALSE
	EndGlobalSection
	GlobalSection(ExtensibilityGlobals) = postSolution
		SolutionGuid = {B8522218-00C7-431C-A616-D2E31DD204D1}
	EndGlobalSection
EndGlobal
