
Microsoft Visual Studio Solution File, Format Version 12.00
# Visual Studio Version 16
VisualStudioVersion = 16.0.31321.278
MinimumVisualStudioVersion = 10.0.40219.1
Project("{FAE04EC0-301F-11D3-BF4B-00C04F79EFBC}") = "EmployeesApp", "EmployeesApp\EmployeesApp.csproj", "{35196E7B-DEA1-4A9A-860C-287FDD3E8F99}"
EndProject
Global
	GlobalSection(SolutionConfigurationPlatforms) = preSolution
		Debug|Any CPU = Debug|Any CPU
		Release|Any CPU = Release|Any CPU
	EndGlobalSection
	GlobalSection(ProjectConfigurationPlatforms) = postSolution
		{35196E7B-DEA1-4A9A-860C-287FDD3E8F99}.Debug|Any CPU.ActiveCfg = Debug|Any CPU
		{35196E7B-DEA1-4A9A-860C-287FDD3E8F99}.Debug|Any CPU.Build.0 = Debug|Any CPU
		{35196E7B-DEA1-4A9A-860C-287FDD3E8F99}.Release|Any CPU.ActiveCfg = Release|Any CPU
		{35196E7B-DEA1-4A9A-860C-287FDD3E8F99}.Release|Any CPU.Build.0 = Release|Any CPU
	EndGlobalSection
	GlobalSection(SolutionProperties) = preSolution
		HideSolutionNode = FALSE
	EndGlobalSection
	GlobalSection(ExtensibilityGlobals) = postSolution
		SolutionGuid = {2B2BCCF1-1110-4DD0-84A1-63FEFBA31A98}
	EndGlobalSection
EndGlobal
