
Microsoft Visual Studio Solution File, Format Version 12.00
# Visual Studio Version 17
VisualStudioVersion = 17.11.35222.181
MinimumVisualStudioVersion = 10.0.40219.1
Project("{FAE04EC0-301F-11D3-BF4B-00C04F79EFBC}") = "GenericCompareTypesApp", "GenericCompareTypesApp.csproj", "{7F2170EB-492E-48D1-BCFB-8E5EA5FA61AF}"
EndProject
Global
	GlobalSection(SolutionConfigurationPlatforms) = preSolution
		Debug|Any CPU = Debug|Any CPU
		Release|Any CPU = Release|Any CPU
	EndGlobalSection
	GlobalSection(ProjectConfigurationPlatforms) = postSolution
		{7F2170EB-492E-48D1-BCFB-8E5EA5FA61AF}.Debug|Any CPU.ActiveCfg = Debug|Any CPU
		{7F2170EB-492E-48D1-BCFB-8E5EA5FA61AF}.Debug|Any CPU.Build.0 = Debug|Any CPU
		{7F2170EB-492E-48D1-BCFB-8E5EA5FA61AF}.Release|Any CPU.ActiveCfg = Release|Any CPU
		{7F2170EB-492E-48D1-BCFB-8E5EA5FA61AF}.Release|Any CPU.Build.0 = Release|Any CPU
	EndGlobalSection
	GlobalSection(SolutionProperties) = preSolution
		HideSolutionNode = FALSE
	EndGlobalSection
	GlobalSection(ExtensibilityGlobals) = postSolution
		SolutionGuid = {5570DBCD-661B-4255-8A55-DC95CCC6B827}
	EndGlobalSection
EndGlobal
