
Microsoft Visual Studio Solution File, Format Version 12.00
# Visual Studio Version 16
VisualStudioVersion = 16.0.31321.278
MinimumVisualStudioVersion = 10.0.40219.1
Project("{FAE04EC0-301F-11D3-BF4B-00C04F79EFBC}") = "CalcFractionApp", "CalcFractionApp\CalcFractionApp.csproj", "{2D3FC27E-E7CA-4295-96EC-267B5DF63388}"
EndProject
Project("{FAE04EC0-301F-11D3-BF4B-00C04F79EFBC}") = "CalcFractionAppTests", "CalcFractionAppTest\CalcFractionAppTests.csproj", "{AC5CC395-8186-4B75-B950-3E9A2397C6E6}"
EndProject
Global
	GlobalSection(SolutionConfigurationPlatforms) = preSolution
		Debug|Any CPU = Debug|Any CPU
		Release|Any CPU = Release|Any CPU
	EndGlobalSection
	GlobalSection(ProjectConfigurationPlatforms) = postSolution
		{2D3FC27E-E7CA-4295-96EC-267B5DF63388}.Debug|Any CPU.ActiveCfg = Debug|Any CPU
		{2D3FC27E-E7CA-4295-96EC-267B5DF63388}.Debug|Any CPU.Build.0 = Debug|Any CPU
		{2D3FC27E-E7CA-4295-96EC-267B5DF63388}.Release|Any CPU.ActiveCfg = Release|Any CPU
		{2D3FC27E-E7CA-4295-96EC-267B5DF63388}.Release|Any CPU.Build.0 = Release|Any CPU
		{AC5CC395-8186-4B75-B950-3E9A2397C6E6}.Debug|Any CPU.ActiveCfg = Debug|Any CPU
		{AC5CC395-8186-4B75-B950-3E9A2397C6E6}.Debug|Any CPU.Build.0 = Debug|Any CPU
		{AC5CC395-8186-4B75-B950-3E9A2397C6E6}.Release|Any CPU.ActiveCfg = Release|Any CPU
		{AC5CC395-8186-4B75-B950-3E9A2397C6E6}.Release|Any CPU.Build.0 = Release|Any CPU
	EndGlobalSection
	GlobalSection(SolutionProperties) = preSolution
		HideSolutionNode = FALSE
	EndGlobalSection
	GlobalSection(ExtensibilityGlobals) = postSolution
		SolutionGuid = {DB118A1F-A2AF-4BE2-9AE2-D6A2E4552526}
	EndGlobalSection
EndGlobal
