
Microsoft Visual Studio Solution File, Format Version 12.00
# Visual Studio Version 16
VisualStudioVersion = 16.0.31321.278
MinimumVisualStudioVersion = 10.0.40219.1
Project("{FAE04EC0-301F-11D3-BF4B-00C04F79EFBC}") = "DeliveryServiceApi", "DeliveryServiceApi\DeliveryServiceApi.csproj", "{5FEF21CA-D5E9-4C4F-BE70-A50DC181099B}"
EndProject
Global
	GlobalSection(SolutionConfigurationPlatforms) = preSolution
		Debug|Any CPU = Debug|Any CPU
		Release|Any CPU = Release|Any CPU
	EndGlobalSection
	GlobalSection(ProjectConfigurationPlatforms) = postSolution
		{5FEF21CA-D5E9-4C4F-BE70-A50DC181099B}.Debug|Any CPU.ActiveCfg = Debug|Any CPU
		{5FEF21CA-D5E9-4C4F-BE70-A50DC181099B}.Debug|Any CPU.Build.0 = Debug|Any CPU
		{5FEF21CA-D5E9-4C4F-BE70-A50DC181099B}.Release|Any CPU.ActiveCfg = Release|Any CPU
		{5FEF21CA-D5E9-4C4F-BE70-A50DC181099B}.Release|Any CPU.Build.0 = Release|Any CPU
	EndGlobalSection
	GlobalSection(SolutionProperties) = preSolution
		HideSolutionNode = FALSE
	EndGlobalSection
	GlobalSection(ExtensibilityGlobals) = postSolution
		SolutionGuid = {10F04A98-06B3-4D11-827B-BD66DABFD3CA}
	EndGlobalSection
EndGlobal
