
Microsoft Visual Studio Solution File, Format Version 12.00
# Visual Studio Version 16
VisualStudioVersion = 16.0.31321.278
MinimumVisualStudioVersion = 10.0.40219.1
Project("{FAE04EC0-301F-11D3-BF4B-00C04F79EFBC}") = "TemperatureConverterApp", "TemperatureConverterApp\TemperatureConverterApp.csproj", "{52C1EFA1-37C3-42F6-BDFB-DD7EB79B394B}"
EndProject
Global
	GlobalSection(SolutionConfigurationPlatforms) = preSolution
		Debug|Any CPU = Debug|Any CPU
		Release|Any CPU = Release|Any CPU
	EndGlobalSection
	GlobalSection(ProjectConfigurationPlatforms) = postSolution
		{52C1EFA1-37C3-42F6-BDFB-DD7EB79B394B}.Debug|Any CPU.ActiveCfg = Debug|Any CPU
		{52C1EFA1-37C3-42F6-BDFB-DD7EB79B394B}.Debug|Any CPU.Build.0 = Debug|Any CPU
		{52C1EFA1-37C3-42F6-BDFB-DD7EB79B394B}.Release|Any CPU.ActiveCfg = Release|Any CPU
		{52C1EFA1-37C3-42F6-BDFB-DD7EB79B394B}.Release|Any CPU.Build.0 = Release|Any CPU
	EndGlobalSection
	GlobalSection(SolutionProperties) = preSolution
		HideSolutionNode = FALSE
	EndGlobalSection
	GlobalSection(ExtensibilityGlobals) = postSolution
		SolutionGuid = {ABB19BEB-6606-45CF-A20B-2B4BB0BAB0AA}
	EndGlobalSection
EndGlobal
